
Microsoft Visual Studio Solution File, Format Version 12.00
# Visual Studio Version 16
VisualStudioVersion = 16.0.31129.286
MinimumVisualStudioVersion = 10.0.40219.1
Project("{9A19103F-16F7-4668-BE54-9A1E7A4F7556}") = "Arweave.NET", "Arweave.NET\Arweave.NET.csproj", "{C0B8DD8A-693D-4EAE-8580-EFD7CBBF6EEC}"
EndProject
Project("{FAE04EC0-301F-11D3-BF4B-00C04F79EFBC}") = "TestConsole", "TestConsole\TestConsole.csproj", "{287F48AE-A6DF-4E50-A014-AF2ADDE4E57B}"
EndProject
Global
	GlobalSection(SolutionConfigurationPlatforms) = preSolution
		Debug|Any CPU = Debug|Any CPU
		Release|Any CPU = Release|Any CPU
	EndGlobalSection
	GlobalSection(ProjectConfigurationPlatforms) = postSolution
		{C0B8DD8A-693D-4EAE-8580-EFD7CBBF6EEC}.Debug|Any CPU.ActiveCfg = Debug|Any CPU
		{C0B8DD8A-693D-4EAE-8580-EFD7CBBF6EEC}.Debug|Any CPU.Build.0 = Debug|Any CPU
		{C0B8DD8A-693D-4EAE-8580-EFD7CBBF6EEC}.Release|Any CPU.ActiveCfg = Release|Any CPU
		{C0B8DD8A-693D-4EAE-8580-EFD7CBBF6EEC}.Release|Any CPU.Build.0 = Release|Any CPU
		{287F48AE-A6DF-4E50-A014-AF2ADDE4E57B}.Debug|Any CPU.ActiveCfg = Debug|Any CPU
		{287F48AE-A6DF-4E50-A014-AF2ADDE4E57B}.Debug|Any CPU.Build.0 = Debug|Any CPU
		{287F48AE-A6DF-4E50-A014-AF2ADDE4E57B}.Release|Any CPU.ActiveCfg = Release|Any CPU
		{287F48AE-A6DF-4E50-A014-AF2ADDE4E57B}.Release|Any CPU.Build.0 = Release|Any CPU
	EndGlobalSection
	GlobalSection(SolutionProperties) = preSolution
		HideSolutionNode = FALSE
	EndGlobalSection
	GlobalSection(ExtensibilityGlobals) = postSolution
		SolutionGuid = {F53135D4-7D20-432C-A9FB-471C2BE007FE}
	EndGlobalSection
EndGlobal
